<?xml version="1.0" encoding="utf-8"?>
<Project ToolsVersion="4.0" xmlns="http://schemas.microsoft.com/developer/msbuild/2003">
  <ItemGroup>
    <Filter Include="Source Files">
      <UniqueIdentifier>{4FC737F1-C7A5-4376-A066-2A32D752A2FF}</UniqueIdentifier>
      <Extensions>cpp;c;cc;cxx;def;odl;idl;hpj;bat;asm;asmx</Extensions>
    </Filter>
    <Filter Include="Header Files">
      <UniqueIdentifier>{93995380-89BD-4b04-88EB-625FBE52EBFB}</UniqueIdentifier>
      <Extensions>h;hh;hpp;hxx;hm;inl;inc;xsd</Extensions>
    </Filter>
    <Filter Include="Resource Files">
      <UniqueIdentifier>{67DA6AB6-F800-4c08-8B7A-83BB121AAD01}</UniqueIdentifier>
      <Extensions>rc;ico;cur;bmp;dlg;rc2;rct;bin;rgs;gif;jpg;jpeg;jpe;resx;tiff;tif;png;wav;mfcribbon-ms</Extensions>
    </Filter>
    <Filter Include="Form Files">
      <UniqueIdentifier>{99349809-55BA-4b9d-BF79-8FDBB0286EB3}</UniqueIdentifier>
      <Extensions>ui</Extensions>
    </Filter>
    <Filter Include="Resource Files">
      <UniqueIdentifier>{D9D6E242-F8AF-46E4-B9FD-80ECBC20BA3E}</UniqueIdentifier>
      <Extensions>qrc;*</Extensions>
      <ParseFiles>false</ParseFiles>
    </Filter>
  </ItemGroup>
  <ItemGroup>
    <QtUic Include="Viewer.ui">
      <Filter>Resource Files</Filter>
    </QtUic>
    <QtMoc Include="Viewer.h">
      <Filter>Header Files</Filter>
    </QtMoc>
    <ClCompile Include="Viewer.cpp">
      <Filter>Source Files</Filter>
    </ClCompile>
  </ItemGroup>
  <ItemGroup>
    <ClCompile Include="main.cpp">
      <Filter>Source Files</Filter>
    </ClCompile>
    <ClCompile Include="ViewLayout.cpp">
      <Filter>Source Files</Filter>
    </ClCompile>
    <ClCompile Include="SliceWidget.cpp">
      <Filter>Source Files</Filter>
    </ClCompile>
    <ClCompile Include="Toolbar.cpp">
      <Filter>Source Files</Filter>
    </ClCompile>
    <ClCompile Include="MaskLayerWidget.cpp">
      <Filter>Source Files</Filter>
    </ClCompile>
    <ClCompile Include="WelcomeWindow.cpp">
      <Filter>Source Files</Filter>
    </ClCompile>
    <ClCompile Include="SelectTableDialog.cpp">
      <Filter>Source Files</Filter>
    </ClCompile>
    <ClCompile Include="TableModel.cpp">
      <Filter>Source Files</Filter>
    </ClCompile>
    <ClCompile Include="LocalFileSystemFilterProxyModel.cpp">
      <Filter>Source Files</Filter>
    </ClCompile>
    <ClCompile Include="InputVolumeDimensionDialog.cpp">
      <Filter>Source Files</Filter>
    </ClCompile>
    <ClCompile Include="RemoteFileTree.cpp">
      <Filter>Source Files</Filter>
    </ClCompile>
    <ClCompile Include="RemoteTreeModel.cpp">
      <Filter>Source Files</Filter>
    </ClCompile>
    <ClCompile Include="DVRWidget.cpp">
      <Filter>Source Files</Filter>
    </ClCompile>
    <ClCompile Include="FunctionWidget.cpp">
      <Filter>Source Files</Filter>
    </ClCompile>
    <ClCompile Include="jpgd.cpp">
      <Filter>Source Files</Filter>
    </ClCompile>
    <ClCompile Include="OTFPolygon.cpp">
      <Filter>Source Files</Filter>
    </ClCompile>
    <ClCompile Include="OTFWidget.cpp">
      <Filter>Source Files</Filter>
    </ClCompile>
    <ClCompile Include="PolygonItem.cpp">
      <Filter>Source Files</Filter>
    </ClCompile>
    <ClCompile Include="LineItem.cpp">
      <Filter>Source Files</Filter>
    </ClCompile>
    <ClCompile Include="EllipseItem.cpp">
      <Filter>Source Files</Filter>
    </ClCompile>
    <ClCompile Include="EllipseItem_color.cpp">
      <Filter>Source Files</Filter>
    </ClCompile>
    <ClCompile Include="EllipseItem_otf.cpp">
      <Filter>Source Files</Filter>
    </ClCompile>
    <ClCompile Include="TextItem.cpp">
      <Filter>Source Files</Filter>
    </ClCompile>
    <ClCompile Include="OTFView.cpp">
      <Filter>Source Files</Filter>
    </ClCompile>
    <ClCompile Include="WidgetText.cpp">
      <Filter>Source Files</Filter>
    </ClCompile>
    <ClCompile Include="OTFPresetViewer.cpp">
      <Filter>Source Files</Filter>
    </ClCompile>
    <ClCompile Include="ClickableLabel.cpp">
      <Filter>Source Files</Filter>
    </ClCompile>
    <ClCompile Include="CPRPathWidget.cpp">
      <Filter>Source Files</Filter>
    </ClCompile>
    <ClCompile Include="CPRWidget.cpp">
      <Filter>Source Files</Filter>
    </ClCompile>
    <ClCompile Include="CPRCurve.cpp">
      <Filter>Source Files</Filter>
    </ClCompile>
    <ClCompile Include="CPRView.cpp">
      <Filter>Source Files</Filter>
    </ClCompile>
    <ClCompile Include="CPRCircle.cpp">
      <Filter>Source Files</Filter>
    </ClCompile>
    <ClCompile Include="CPRLine.cpp">
      <Filter>Source Files</Filter>
    </ClCompile>
    <ClCompile Include="CPRPath.cpp">
      <Filter>Source Files</Filter>
    </ClCompile>
    <ClCompile Include="GraphicsCurve.cpp">
      <Filter>Source Files</Filter>
    </ClCompile>
    <ClCompile Include="CPRRect.cpp">
      <Filter>Source Files</Filter>
    </ClCompile>
    <ClCompile Include="MPR_GuideLine.cpp">
      <Filter>Source Files</Filter>
    </ClCompile>
    <ClCompile Include="LineItem_MPR.cpp">
      <Filter>Source Files</Filter>
    </ClCompile>
  </ItemGroup>
  <ItemGroup>
    <QtRcc Include="Viewer.qrc" />
  </ItemGroup>
  <ItemGroup>
    <QtMoc Include="ViewLayout.h">
      <Filter>Header Files</Filter>
    </QtMoc>
    <QtMoc Include="SliceWidget.h">
      <Filter>Header Files</Filter>
    </QtMoc>
    <QtMoc Include="Toolbar.h">
      <Filter>Header Files</Filter>
    </QtMoc>
    <QtMoc Include="MaskLayerWidget.h">
      <Filter>Header Files</Filter>
    </QtMoc>
    <QtMoc Include="WelcomeWindow.h">
      <Filter>Header Files</Filter>
    </QtMoc>
    <QtMoc Include="SelectTableDialog.h">
      <Filter>Header Files</Filter>
    </QtMoc>
    <QtMoc Include="TableModel.h">
      <Filter>Header Files</Filter>
    </QtMoc>
    <QtMoc Include="LocalFileSystemFilterProxyModel.h">
      <Filter>Header Files</Filter>
    </QtMoc>
    <QtMoc Include="InputVolumeDimensionDialog.h">
      <Filter>Header Files</Filter>
    </QtMoc>
    <QtMoc Include="DVRWidget.h">
      <Filter>Header Files</Filter>
    </QtMoc>
    <QtMoc Include="FunctionWidget.h">
      <Filter>Header Files</Filter>
    </QtMoc>
    <QtMoc Include="OTFPolygon.h">
      <Filter>Header Files</Filter>
    </QtMoc>
    <QtMoc Include="OTFWidget.h">
      <Filter>Header Files</Filter>
    </QtMoc>
    <QtMoc Include="PolygonItem.h">
      <Filter>Header Files</Filter>
    </QtMoc>
    <QtMoc Include="LineItem.h">
      <Filter>Header Files</Filter>
    </QtMoc>
    <QtMoc Include="EllipseItem.h">
      <Filter>Header Files</Filter>
    </QtMoc>
    <QtMoc Include="EllipseItem_color.h">
      <Filter>Header Files</Filter>
    </QtMoc>
    <QtMoc Include="EllipseItem_otf.h">
      <Filter>Header Files</Filter>
    </QtMoc>
    <QtMoc Include="OTFView.h">
      <Filter>Header Files</Filter>
    </QtMoc>
    <QtMoc Include="WidgetText.h">
      <Filter>Header Files</Filter>
    </QtMoc>
    <QtMoc Include="OTFPresetViewer.h">
      <Filter>Header Files</Filter>
    </QtMoc>
    <QtMoc Include="ClickableLabel.h">
      <Filter>Header Files</Filter>
    </QtMoc>
    <QtMoc Include="CPRPathWidget.h">
      <Filter>Header Files</Filter>
    </QtMoc>
    <QtMoc Include="CPRWidget.h">
      <Filter>Header Files</Filter>
    </QtMoc>
    <QtMoc Include="CPRCurve.h">
      <Filter>Header Files</Filter>
    </QtMoc>
    <QtMoc Include="CPRView.h">
      <Filter>Header Files</Filter>
    </QtMoc>
    <QtMoc Include="CPRCircle.h">
      <Filter>Header Files</Filter>
    </QtMoc>
    <QtMoc Include="CPRLine.h">
      <Filter>Header Files</Filter>
    </QtMoc>
    <QtMoc Include="CPRPath.h">
      <Filter>Header Files</Filter>
    </QtMoc>
    <QtMoc Include="GraphicsCurve.h">
      <Filter>Header Files</Filter>
    </QtMoc>
    <QtMoc Include="CPRRect.h">
      <Filter>Header Files</Filter>
    </QtMoc>
    <QtMoc Include="MPR_GuideLine.h">
      <Filter>Header Files</Filter>
    </QtMoc>
    <QtMoc Include="LineItem_MPR.h">
      <Filter>Header Files</Filter>
    </QtMoc>
  </ItemGroup>
  <ItemGroup>
    <ClInclude Include="build_global_opt.h">
      <Filter>Header Files</Filter>
    </ClInclude>
    <ClInclude Include="RemoteFileTree.h">
      <Filter>Header Files</Filter>
    </ClInclude>
    <ClInclude Include="RemoteTreeModel.h">
      <Filter>Header Files</Filter>
    </ClInclude>
    <ClInclude Include="jpgd.h">
      <Filter>Header Files</Filter>
    </ClInclude>
    <ClInclude Include="OTF.h">
      <Filter>Header Files</Filter>
    </ClInclude>
    <ClInclude Include="TextItem.h">
      <Filter>Header Files</Filter>
    </ClInclude>
    <ClInclude Include="UI_OTFPresetViewer.h">
      <Filter>Header Files</Filter>
    </ClInclude>
    <ClInclude Include="iniparser.hpp">
      <Filter>Header Files</Filter>
    </ClInclude>
  </ItemGroup>
</Project>